
Microsoft Visual Studio Solution File, Format Version 12.00
# Visual Studio 2015
Project("{FAE04EC0-301F-11D3-BF4B-00C04F79EFBC}") = "BaiduMapMap", "BaiduMapMap.csproj", "{727A6C6A-1FD4-9957-21C7-7CCE9222B372}"
EndProject
Global
	GlobalSection(SolutionConfigurationPlatforms) = preSolution
		Debug|Any CPU = Debug|Any CPU
		Release|Any CPU = Release|Any CPU
	EndGlobalSection
	GlobalSection(ProjectConfigurationPlatforms) = postSolution
		{727A6C6A-1FD4-9957-21C7-7CCE9222B372}.Debug|Any CPU.ActiveCfg = Debug|Any CPU
		{727A6C6A-1FD4-9957-21C7-7CCE9222B372}.Debug|Any CPU.Build.0 = Debug|Any CPU
		{727A6C6A-1FD4-9957-21C7-7CCE9222B372}.Release|Any CPU.ActiveCfg = Release|Any CPU
		{727A6C6A-1FD4-9957-21C7-7CCE9222B372}.Release|Any CPU.Build.0 = Release|Any CPU
	EndGlobalSection
	GlobalSection(SolutionProperties) = preSolution
		HideSolutionNode = FALSE
	EndGlobalSection
EndGlobal
